
Microsoft Visual Studio Solution File, Format Version 12.00
# Visual Studio 14
VisualStudioVersion = 14.0.24720.0
MinimumVisualStudioVersion = 10.0.40219.1
Project("{FAE04EC0-301F-11D3-BF4B-00C04F79EFBC}") = "BroDoYouEvenStack", "BroDoYouEvenStack\BroDoYouEvenStack.csproj", "{E51D6469-E1F8-4201-BF32-152339AEFD4D}"
EndProject
Project("{FAE04EC0-301F-11D3-BF4B-00C04F79EFBC}") = "Dota2GSI", "Dota2GSI\Dota2GSI.csproj", "{ED6F76C6-A3FC-40F2-9B9B-3C47093A4B6F}"
EndProject
Project("{930C7802-8A8C-48F9-8165-68863BCCD9DD}") = "Installer", "Installer\Installer.wixproj", "{05A04514-3D6A-4404-BD55-31BAAC819CFD}"
EndProject
Project("{FAE04EC0-301F-11D3-BF4B-00C04F79EFBC}") = "Dota2.Fake", "Dota2.Fake\Dota2.Fake.csproj", "{40504D5C-8E66-42B5-B285-E64539EA4B2C}"
EndProject
Project("{FAE04EC0-301F-11D3-BF4B-00C04F79EFBC}") = "BroDoYouEvenStack.Tests", "BroDoYouEvenStack.Tests\BroDoYouEvenStack.Tests.csproj", "{7A223ECB-30C7-4CC9-B3AF-F53D2D4DBB6A}"
EndProject
Project("{930C7802-8A8C-48F9-8165-68863BCCD9DD}") = "Bootstrapper", "Bootstrapper\Bootstrapper.wixproj", "{FB6AF6F2-DD49-402D-9BF0-9634D5BCF3BF}"
EndProject
Project("{FAE04EC0-301F-11D3-BF4B-00C04F79EFBC}") = "Bootstrapper.Interface", "Bootstrapper.Interface\Bootstrapper.Interface.csproj", "{0CB5D7FE-DE4C-4F6A-A8E9-821203A1A910}"
EndProject
Project("{2150E333-8FDC-42A3-9474-1A3956D46DE8}") = "AppInstaller", "AppInstaller", "{9A2C03C9-95DA-4CD3-86CE-1A39CE0C51F1}"
EndProject
Global
	GlobalSection(SolutionConfigurationPlatforms) = preSolution
		Debug|Any CPU = Debug|Any CPU
		Debug|x86 = Debug|x86
		Release|Any CPU = Release|Any CPU
		Release|x86 = Release|x86
	EndGlobalSection
	GlobalSection(ProjectConfigurationPlatforms) = postSolution
		{E51D6469-E1F8-4201-BF32-152339AEFD4D}.Debug|Any CPU.ActiveCfg = Debug|Any CPU
		{E51D6469-E1F8-4201-BF32-152339AEFD4D}.Debug|Any CPU.Build.0 = Debug|Any CPU
		{E51D6469-E1F8-4201-BF32-152339AEFD4D}.Debug|x86.ActiveCfg = Debug|Any CPU
		{E51D6469-E1F8-4201-BF32-152339AEFD4D}.Debug|x86.Build.0 = Debug|Any CPU
		{E51D6469-E1F8-4201-BF32-152339AEFD4D}.Release|Any CPU.ActiveCfg = Release|Any CPU
		{E51D6469-E1F8-4201-BF32-152339AEFD4D}.Release|Any CPU.Build.0 = Release|Any CPU
		{E51D6469-E1F8-4201-BF32-152339AEFD4D}.Release|x86.ActiveCfg = Release|Any CPU
		{E51D6469-E1F8-4201-BF32-152339AEFD4D}.Release|x86.Build.0 = Release|Any CPU
		{ED6F76C6-A3FC-40F2-9B9B-3C47093A4B6F}.Debug|Any CPU.ActiveCfg = Debug|Any CPU
		{ED6F76C6-A3FC-40F2-9B9B-3C47093A4B6F}.Debug|Any CPU.Build.0 = Debug|Any CPU
		{ED6F76C6-A3FC-40F2-9B9B-3C47093A4B6F}.Debug|x86.ActiveCfg = Debug|Any CPU
		{ED6F76C6-A3FC-40F2-9B9B-3C47093A4B6F}.Debug|x86.Build.0 = Debug|Any CPU
		{ED6F76C6-A3FC-40F2-9B9B-3C47093A4B6F}.Release|Any CPU.ActiveCfg = Release|Any CPU
		{ED6F76C6-A3FC-40F2-9B9B-3C47093A4B6F}.Release|Any CPU.Build.0 = Release|Any CPU
		{ED6F76C6-A3FC-40F2-9B9B-3C47093A4B6F}.Release|x86.ActiveCfg = Release|Any CPU
		{ED6F76C6-A3FC-40F2-9B9B-3C47093A4B6F}.Release|x86.Build.0 = Release|Any CPU
		{05A04514-3D6A-4404-BD55-31BAAC819CFD}.Debug|Any CPU.ActiveCfg = Debug|x86
		{05A04514-3D6A-4404-BD55-31BAAC819CFD}.Debug|Any CPU.Build.0 = Debug|x86
		{05A04514-3D6A-4404-BD55-31BAAC819CFD}.Debug|x86.ActiveCfg = Debug|x86
		{05A04514-3D6A-4404-BD55-31BAAC819CFD}.Debug|x86.Build.0 = Debug|x86
		{05A04514-3D6A-4404-BD55-31BAAC819CFD}.Release|Any CPU.ActiveCfg = Release|x86
		{05A04514-3D6A-4404-BD55-31BAAC819CFD}.Release|Any CPU.Build.0 = Release|x86
		{05A04514-3D6A-4404-BD55-31BAAC819CFD}.Release|x86.ActiveCfg = Release|x86
		{05A04514-3D6A-4404-BD55-31BAAC819CFD}.Release|x86.Build.0 = Release|x86
		{40504D5C-8E66-42B5-B285-E64539EA4B2C}.Debug|Any CPU.ActiveCfg = Debug|Any CPU
		{40504D5C-8E66-42B5-B285-E64539EA4B2C}.Debug|Any CPU.Build.0 = Debug|Any CPU
		{40504D5C-8E66-42B5-B285-E64539EA4B2C}.Debug|x86.ActiveCfg = Debug|Any CPU
		{40504D5C-8E66-42B5-B285-E64539EA4B2C}.Debug|x86.Build.0 = Debug|Any CPU
		{40504D5C-8E66-42B5-B285-E64539EA4B2C}.Release|Any CPU.ActiveCfg = Release|Any CPU
		{40504D5C-8E66-42B5-B285-E64539EA4B2C}.Release|Any CPU.Build.0 = Release|Any CPU
		{40504D5C-8E66-42B5-B285-E64539EA4B2C}.Release|x86.ActiveCfg = Release|Any CPU
		{40504D5C-8E66-42B5-B285-E64539EA4B2C}.Release|x86.Build.0 = Release|Any CPU
		{7A223ECB-30C7-4CC9-B3AF-F53D2D4DBB6A}.Debug|Any CPU.ActiveCfg = Debug|Any CPU
		{7A223ECB-30C7-4CC9-B3AF-F53D2D4DBB6A}.Debug|Any CPU.Build.0 = Debug|Any CPU
		{7A223ECB-30C7-4CC9-B3AF-F53D2D4DBB6A}.Debug|x86.ActiveCfg = Debug|Any CPU
		{7A223ECB-30C7-4CC9-B3AF-F53D2D4DBB6A}.Debug|x86.Build.0 = Debug|Any CPU
		{7A223ECB-30C7-4CC9-B3AF-F53D2D4DBB6A}.Release|Any CPU.ActiveCfg = Release|Any CPU
		{7A223ECB-30C7-4CC9-B3AF-F53D2D4DBB6A}.Release|Any CPU.Build.0 = Release|Any CPU
		{7A223ECB-30C7-4CC9-B3AF-F53D2D4DBB6A}.Release|x86.ActiveCfg = Release|Any CPU
		{7A223ECB-30C7-4CC9-B3AF-F53D2D4DBB6A}.Release|x86.Build.0 = Release|Any CPU
		{FB6AF6F2-DD49-402D-9BF0-9634D5BCF3BF}.Debug|Any CPU.ActiveCfg = Debug|x86
		{FB6AF6F2-DD49-402D-9BF0-9634D5BCF3BF}.Debug|Any CPU.Build.0 = Debug|x86
		{FB6AF6F2-DD49-402D-9BF0-9634D5BCF3BF}.Debug|x86.ActiveCfg = Debug|x86
		{FB6AF6F2-DD49-402D-9BF0-9634D5BCF3BF}.Debug|x86.Build.0 = Debug|x86
		{FB6AF6F2-DD49-402D-9BF0-9634D5BCF3BF}.Release|Any CPU.ActiveCfg = Release|x86
		{FB6AF6F2-DD49-402D-9BF0-9634D5BCF3BF}.Release|Any CPU.Build.0 = Release|x86
		{FB6AF6F2-DD49-402D-9BF0-9634D5BCF3BF}.Release|x86.ActiveCfg = Release|x86
		{FB6AF6F2-DD49-402D-9BF0-9634D5BCF3BF}.Release|x86.Build.0 = Release|x86
		{0CB5D7FE-DE4C-4F6A-A8E9-821203A1A910}.Debug|Any CPU.ActiveCfg = Debug|Any CPU
		{0CB5D7FE-DE4C-4F6A-A8E9-821203A1A910}.Debug|Any CPU.Build.0 = Debug|Any CPU
		{0CB5D7FE-DE4C-4F6A-A8E9-821203A1A910}.Debug|x86.ActiveCfg = Debug|Any CPU
		{0CB5D7FE-DE4C-4F6A-A8E9-821203A1A910}.Debug|x86.Build.0 = Debug|Any CPU
		{0CB5D7FE-DE4C-4F6A-A8E9-821203A1A910}.Release|Any CPU.ActiveCfg = Release|Any CPU
		{0CB5D7FE-DE4C-4F6A-A8E9-821203A1A910}.Release|Any CPU.Build.0 = Release|Any CPU
		{0CB5D7FE-DE4C-4F6A-A8E9-821203A1A910}.Release|x86.ActiveCfg = Release|Any CPU
		{0CB5D7FE-DE4C-4F6A-A8E9-821203A1A910}.Release|x86.Build.0 = Release|Any CPU
	EndGlobalSection
	GlobalSection(SolutionProperties) = preSolution
		HideSolutionNode = FALSE
	EndGlobalSection
	GlobalSection(NestedProjects) = preSolution
		{05A04514-3D6A-4404-BD55-31BAAC819CFD} = {9A2C03C9-95DA-4CD3-86CE-1A39CE0C51F1}
		{FB6AF6F2-DD49-402D-9BF0-9634D5BCF3BF} = {9A2C03C9-95DA-4CD3-86CE-1A39CE0C51F1}
		{0CB5D7FE-DE4C-4F6A-A8E9-821203A1A910} = {9A2C03C9-95DA-4CD3-86CE-1A39CE0C51F1}
	EndGlobalSection
EndGlobal
